
Microsoft Visual Studio Solution File, Format Version 12.00
# Visual Studio Version 16
VisualStudioVersion = 16.0.34031.81
MinimumVisualStudioVersion = 10.0.40219.1
Project("{8BC9CEB8-8B4A-11D0-8D11-00A0C91BC942}") = "PR-08.1.iterac", "PR-08.1.iterac.vcxproj", "{985E32D3-FB3D-4B01-B2CB-25EC07A0C8BB}"
EndProject
Project("{8BC9CEB8-8B4A-11D0-8D11-00A0C91BC942}") = "UnitTest08.1.it", "..\UnitTest08.1.it\UnitTest08.1.it.vcxproj", "{8DFA63DE-1B73-4E5D-9D43-F7D4917FCF5E}"
EndProject
Global
	GlobalSection(SolutionConfigurationPlatforms) = preSolution
		Debug|x64 = Debug|x64
		Debug|x86 = Debug|x86
		Release|x64 = Release|x64
		Release|x86 = Release|x86
	EndGlobalSection
	GlobalSection(ProjectConfigurationPlatforms) = postSolution
		{985E32D3-FB3D-4B01-B2CB-25EC07A0C8BB}.Debug|x64.ActiveCfg = Debug|x64
		{985E32D3-FB3D-4B01-B2CB-25EC07A0C8BB}.Debug|x64.Build.0 = Debug|x64
		{985E32D3-FB3D-4B01-B2CB-25EC07A0C8BB}.Debug|x86.ActiveCfg = Debug|Win32
		{985E32D3-FB3D-4B01-B2CB-25EC07A0C8BB}.Debug|x86.Build.0 = Debug|Win32
		{985E32D3-FB3D-4B01-B2CB-25EC07A0C8BB}.Release|x64.ActiveCfg = Release|x64
		{985E32D3-FB3D-4B01-B2CB-25EC07A0C8BB}.Release|x64.Build.0 = Release|x64
		{985E32D3-FB3D-4B01-B2CB-25EC07A0C8BB}.Release|x86.ActiveCfg = Release|Win32
		{985E32D3-FB3D-4B01-B2CB-25EC07A0C8BB}.Release|x86.Build.0 = Release|Win32
		{8DFA63DE-1B73-4E5D-9D43-F7D4917FCF5E}.Debug|x64.ActiveCfg = Debug|x64
		{8DFA63DE-1B73-4E5D-9D43-F7D4917FCF5E}.Debug|x64.Build.0 = Debug|x64
		{8DFA63DE-1B73-4E5D-9D43-F7D4917FCF5E}.Debug|x86.ActiveCfg = Debug|Win32
		{8DFA63DE-1B73-4E5D-9D43-F7D4917FCF5E}.Debug|x86.Build.0 = Debug|Win32
		{8DFA63DE-1B73-4E5D-9D43-F7D4917FCF5E}.Release|x64.ActiveCfg = Release|x64
		{8DFA63DE-1B73-4E5D-9D43-F7D4917FCF5E}.Release|x64.Build.0 = Release|x64
		{8DFA63DE-1B73-4E5D-9D43-F7D4917FCF5E}.Release|x86.ActiveCfg = Release|Win32
		{8DFA63DE-1B73-4E5D-9D43-F7D4917FCF5E}.Release|x86.Build.0 = Release|Win32
	EndGlobalSection
	GlobalSection(SolutionProperties) = preSolution
		HideSolutionNode = FALSE
	EndGlobalSection
	GlobalSection(ExtensibilityGlobals) = postSolution
		SolutionGuid = {5014E22E-A9C7-4035-9E5B-3265EA02B723}
	EndGlobalSection
EndGlobal
